
Microsoft Visual Studio Solution File, Format Version 12.00
# Visual Studio 14
VisualStudioVersion = 14.0.24720.0
MinimumVisualStudioVersion = 10.0.40219.1
Project("{8BC9CEB8-8B4A-11D0-8D11-00A0C91BC942}") = "MKV", "MKV.vcxproj", "{D44E688C-C30A-47D2-BCC5-437987150AC4}"
EndProject
Project("{8BC9CEB8-8B4A-11D0-8D11-00A0C91BC942}") = "lua", "lua\lua.vcxproj", "{3DA7C51A-4DAC-4DBE-A6DB-6A9B55833C74}"
EndProject
Global
	GlobalSection(SolutionConfigurationPlatforms) = preSolution
		Debug|x64 = Debug|x64
		Debug|x86 = Debug|x86
		Release|x64 = Release|x64
		Release|x86 = Release|x86
	EndGlobalSection
	GlobalSection(ProjectConfigurationPlatforms) = postSolution
		{D44E688C-C30A-47D2-BCC5-437987150AC4}.Debug|x64.ActiveCfg = Debug|x64
		{D44E688C-C30A-47D2-BCC5-437987150AC4}.Debug|x64.Build.0 = Debug|x64
		{D44E688C-C30A-47D2-BCC5-437987150AC4}.Debug|x86.ActiveCfg = Debug|Win32
		{D44E688C-C30A-47D2-BCC5-437987150AC4}.Debug|x86.Build.0 = Debug|Win32
		{D44E688C-C30A-47D2-BCC5-437987150AC4}.Release|x64.ActiveCfg = Release|x64
		{D44E688C-C30A-47D2-BCC5-437987150AC4}.Release|x64.Build.0 = Release|x64
		{D44E688C-C30A-47D2-BCC5-437987150AC4}.Release|x86.ActiveCfg = Release|Win32
		{D44E688C-C30A-47D2-BCC5-437987150AC4}.Release|x86.Build.0 = Release|Win32
		{3DA7C51A-4DAC-4DBE-A6DB-6A9B55833C74}.Debug|x64.ActiveCfg = Debug|x64
		{3DA7C51A-4DAC-4DBE-A6DB-6A9B55833C74}.Debug|x64.Build.0 = Debug|x64
		{3DA7C51A-4DAC-4DBE-A6DB-6A9B55833C74}.Debug|x86.ActiveCfg = Debug|Win32
		{3DA7C51A-4DAC-4DBE-A6DB-6A9B55833C74}.Debug|x86.Build.0 = Debug|Win32
		{3DA7C51A-4DAC-4DBE-A6DB-6A9B55833C74}.Release|x64.ActiveCfg = Release|x64
		{3DA7C51A-4DAC-4DBE-A6DB-6A9B55833C74}.Release|x64.Build.0 = Release|x64
		{3DA7C51A-4DAC-4DBE-A6DB-6A9B55833C74}.Release|x86.ActiveCfg = Release|Win32
		{3DA7C51A-4DAC-4DBE-A6DB-6A9B55833C74}.Release|x86.Build.0 = Release|Win32
	EndGlobalSection
	GlobalSection(SolutionProperties) = preSolution
		HideSolutionNode = FALSE
	EndGlobalSection
EndGlobal
